[[package]]
name = "asn1crypto"
version = "1.5.1"
summary = "Fast ASN.1 parser and serializer with definitions for private keys, public keys, certificates, CRL, OCSP, CMS, PKCS#3, PKCS#7, PKCS#8, PKCS#12, PKCS#5, X.509 and TSP"

[[package]]
name = "pg8000"
version = "1.31.1"
requires_python = ">=3.8"
summary = "PostgreSQL interface library"
dependencies = [
    "python-dateutil>=2.8.2",
    "scramp>=1.4.4",
]

[[package]]
name = "python-dateutil"
version = "2.9.0.post0"
requires_python = "!=3.0.*,!=3.1.*,!=3.2.*,>=2.7"
summary = "Extensions to the standard Python datetime module"
dependencies = [
    "six>=1.5",
]

[[package]]
name = "scramp"
version = "1.4.5"
requires_python = ">=3.8"
summary = "An implementation of the SCRAM protocol."
dependencies = [
    "asn1crypto>=1.5.1",
]

[[package]]
name = "six"
version = "1.16.0"
requires_python = ">=2.7, !=3.0.*, !=3.1.*, !=3.2.*"
summary = "Python 2 and 3 compatibility utilities"

[metadata]
lock_version = "4.0"
content_hash = "sha256:2fd6153ef90a7b436bd61717e7aee925ae60711bde9871de06bbf5299d41b91c"

[metadata.files]
"asn1crypto 1.5.1" = [
    {url = "https://files.pythonhosted.org/packages/c9/7f/09065fd9e27da0eda08b4d6897f1c13535066174cc023af248fc2a8d5e5a/asn1crypto-1.5.1-py2.py3-none-any.whl", hash = "sha256:db4e40728b728508912cbb3d44f19ce188f218e9eba635821bb4b68564f8fd67"},
    {url = "https://files.pythonhosted.org/packages/de/cf/d547feed25b5244fcb9392e288ff9fdc3280b10260362fc45d37a798a6ee/asn1crypto-1.5.1.tar.gz", hash = "sha256:13ae38502be632115abf8a24cbe5f4da52e3b5231990aff31123c805306ccb9c"},
]
"pg8000 1.31.1" = [
    {url = "https://files.pythonhosted.org/packages/7d/04/e8c6b8fa843f543f1568fa89a2a67bceba7fefcd83fddc265e1538196085/pg8000-1.31.1.tar.gz", hash = "sha256:b11130d4c615dd3062ea8fed8143064a7978b7fe6d44f14b72261d43c8e27087"},
    {url = "https://files.pythonhosted.org/packages/b8/79/0ce7c39162bba214f80b8d85ed07d1db8cba8f009ad362c4b02129cce1fd/pg8000-1.31.1-py3-none-any.whl", hash = "sha256:69aac9dba4114c9c8d0408232d54eaf7d06d271df7765caeed39960e057800e4"},
]
"python-dateutil 2.9.0.post0" = [
    {url = "https://files.pythonhosted.org/packages/66/c0/0c8b6ad9f17a802ee498c46e004a0eb49bc148f2fd230864601a86dcf6db/python-dateutil-2.9.0.post0.tar.gz", hash = "sha256:37dd54208da7e1cd875388217d5e00ebd4179249f90fb72437e91a35459a0ad3"},
    {url = "https://files.pythonhosted.org/packages/ec/57/56b9bcc3c9c6a792fcbaf139543cee77261f3651ca9da0c93f5c1221264b/python_dateutil-2.9.0.post0-py2.py3-none-any.whl", hash = "sha256:a8b2bc7bffae282281c8140a97d3aa9c14da0b136dfe83f850eea9a5f7470427"},
]
"scramp 1.4.5" = [
    {url = "https://files.pythonhosted.org/packages/d9/9f/8b2f2749ccfbe4fcef08650896ac47ed919ff25b7ac57b7a1ae7da16c8c3/scramp-1.4.5-py3-none-any.whl", hash = "sha256:50e37c464fc67f37994e35bee4151e3d8f9320e9c204fca83a5d313c121bbbe7"},
    {url = "https://files.pythonhosted.org/packages/f9/fa/8f1b99c3f875f334ac782e173ec03c35c246ec7a94fc5dd85153bc1d8285/scramp-1.4.5.tar.gz", hash = "sha256:be3fbe774ca577a7a658117dca014e5d254d158cecae3dd60332dfe33ce6d78e"},
]
"six 1.16.0" = [
    {url = "https://files.pythonhosted.org/packages/71/39/171f1c67cd00715f190ba0b100d606d440a28c93c7714febeca8b79af85e/six-1.16.0.tar.gz", hash = "sha256:1e61c37477a1626458e36f7b1d82aa5c9b094fa4802892072e49de9c60c4c926"},
    {url = "https://files.pythonhosted.org/packages/d9/5a/e7c31adbe875f2abbb91bd84cf2dc52d792b5a01506781dbcf25c91daf11/six-1.16.0-py2.py3-none-any.whl", hash = "sha256:8abb2f1d86890a2dfb989f9a77cfcfd3e47c2a354b01111771326f8aa26e0254"},
]
